PODS:
  - Easyder (0.1.2):
    - FDFullscreenPopGesture
    - MBProgressHUD
    - MJRefresh
    - SDCycleScrollView
    - UICKeyChainStore
  - FDFullscreenPopGesture (1.1)
  - MBProgressHUD (1.2.0)
  - MJRefresh (3.5.0)
  - SDCycleScrollView (1.82):
    - SDWebImage (>= 5.0.0)
  - SDWebImage (5.10.1):
    - SDWebImage/Core (= 5.10.1)
  - SDWebImage/Core (5.10.1)
  - UICKeyChainStore (2.2.1)

DEPENDENCIES:
  - Easyder (from `../`)

SPEC REPOS:
  trunk:
    - FDFullscreenPopGesture
    - MBProgressHUD
    - MJRefresh
    - SDCycleScrollView
    - SDWebImage
    - UICKeyChainStore

EXTERNAL SOURCES:
  Easyder:
    :path: "../"

SPEC CHECKSUMS:
  Easyder: afaf755ffa00296a54c4e3beeced000d6e128b70
  FDFullscreenPopGesture: a8a620179e3d9c40e8e00256dcee1c1a27c6d0f0
  MBProgressHUD: 3ee5efcc380f6a79a7cc9b363dd669c5e1ae7406
  MJRefresh: 6afc955813966afb08305477dd7a0d9ad5e79a16
  SDCycleScrollView: a0d74c3384caa72bdfc81470bdbc8c14b3e1fbcf
  SDWebImage: f66a16b95183b92ed6b965ad21d33167bc07612d
  UICKeyChainStore: ba3bff2c762b12db1e516f395c837dd25298b05e

PODFILE CHECKSUM: a36d0904ff6651cd44b95eb703eb9899932c55b1

COCOAPODS: 1.9.1
